
Microsoft Visual Studio Solution File, Format Version 12.00
# Visual Studio Version 17
VisualStudioVersion = 17.11.35327.3
MinimumVisualStudioVersion = 10.0.40219.1
Project("{FAE04EC0-301F-11D3-BF4B-00C04F79EFBC}") = "Lab-02", "Lab-02.csproj", "{E96D0DEA-8995-4AF9-A3B6-A380EDDD3E8E}"
EndProject
Global
	GlobalSection(SolutionConfigurationPlatforms) = preSolution
		Debug|Any CPU = Debug|Any CPU
		Release|Any CPU = Release|Any CPU
	EndGlobalSection
	GlobalSection(ProjectConfigurationPlatforms) = postSolution
		{E96D0DEA-8995-4AF9-A3B6-A380EDDD3E8E}.Debug|Any CPU.ActiveCfg = Debug|Any CPU
		{E96D0DEA-8995-4AF9-A3B6-A380EDDD3E8E}.Debug|Any CPU.Build.0 = Debug|Any CPU
		{E96D0DEA-8995-4AF9-A3B6-A380EDDD3E8E}.Release|Any CPU.ActiveCfg = Release|Any CPU
		{E96D0DEA-8995-4AF9-A3B6-A380EDDD3E8E}.Release|Any CPU.Build.0 = Release|Any CPU
	EndGlobalSection
	GlobalSection(SolutionProperties) = preSolution
		HideSolutionNode = FALSE
	EndGlobalSection
	GlobalSection(ExtensibilityGlobals) = postSolution
		SolutionGuid = {7520AA48-56A5-4EBF-89BD-9421E28F383C}
	EndGlobalSection
EndGlobal
