
Microsoft Visual Studio Solution File, Format Version 12.00
# Visual Studio Version 17
VisualStudioVersion = 17.11.35327.3
MinimumVisualStudioVersion = 10.0.40219.1
Project("{FAE04EC0-301F-11D3-BF4B-00C04F79EFBC}") = "Lab4_1", "Lab4_1.csproj", "{85659541-9676-4A03-9F96-B79E1AF302C7}"
EndProject
Global
	GlobalSection(SolutionConfigurationPlatforms) = preSolution
		Debug|Any CPU = Debug|Any CPU
		Release|Any CPU = Release|Any CPU
	EndGlobalSection
	GlobalSection(ProjectConfigurationPlatforms) = postSolution
		{85659541-9676-4A03-9F96-B79E1AF302C7}.Debug|Any CPU.ActiveCfg = Debug|Any CPU
		{85659541-9676-4A03-9F96-B79E1AF302C7}.Debug|Any CPU.Build.0 = Debug|Any CPU
		{85659541-9676-4A03-9F96-B79E1AF302C7}.Release|Any CPU.ActiveCfg = Release|Any CPU
		{85659541-9676-4A03-9F96-B79E1AF302C7}.Release|Any CPU.Build.0 = Release|Any CPU
	EndGlobalSection
	GlobalSection(SolutionProperties) = preSolution
		HideSolutionNode = FALSE
	EndGlobalSection
	GlobalSection(ExtensibilityGlobals) = postSolution
		SolutionGuid = {109CC9FD-E980-4DB5-B54D-ECE238EA53D6}
	EndGlobalSection
EndGlobal
