
Microsoft Visual Studio Solution File, Format Version 12.00
# Visual Studio Version 17
VisualStudioVersion = 17.11.35327.3
MinimumVisualStudioVersion = 10.0.40219.1
Project("{FAE04EC0-301F-11D3-BF4B-00C04F79EFBC}") = "Lab4_3", "Lab4_3.csproj", "{9918770F-CA12-455F-9E05-B2AE25A34F13}"
EndProject
Global
	GlobalSection(SolutionConfigurationPlatforms) = preSolution
		Debug|Any CPU = Debug|Any CPU
		Release|Any CPU = Release|Any CPU
	EndGlobalSection
	GlobalSection(ProjectConfigurationPlatforms) = postSolution
		{9918770F-CA12-455F-9E05-B2AE25A34F13}.Debug|Any CPU.ActiveCfg = Debug|Any CPU
		{9918770F-CA12-455F-9E05-B2AE25A34F13}.Debug|Any CPU.Build.0 = Debug|Any CPU
		{9918770F-CA12-455F-9E05-B2AE25A34F13}.Release|Any CPU.ActiveCfg = Release|Any CPU
		{9918770F-CA12-455F-9E05-B2AE25A34F13}.Release|Any CPU.Build.0 = Release|Any CPU
	EndGlobalSection
	GlobalSection(SolutionProperties) = preSolution
		HideSolutionNode = FALSE
	EndGlobalSection
	GlobalSection(ExtensibilityGlobals) = postSolution
		SolutionGuid = {CD15E790-2C91-43EA-9D4E-76FB0D48E7FF}
	EndGlobalSection
EndGlobal
