
Microsoft Visual Studio Solution File, Format Version 12.00
# Visual Studio Version 17
VisualStudioVersion = 17.11.35327.3
MinimumVisualStudioVersion = 10.0.40219.1
Project("{FAE04EC0-301F-11D3-BF4B-00C04F79EFBC}") = "lab3_2", "lab3_2.csproj", "{9F3F2516-0066-4B11-983F-DC14EC34EBF7}"
EndProject
Global
	GlobalSection(SolutionConfigurationPlatforms) = preSolution
		Debug|Any CPU = Debug|Any CPU
		Release|Any CPU = Release|Any CPU
	EndGlobalSection
	GlobalSection(ProjectConfigurationPlatforms) = postSolution
		{9F3F2516-0066-4B11-983F-DC14EC34EBF7}.Debug|Any CPU.ActiveCfg = Debug|Any CPU
		{9F3F2516-0066-4B11-983F-DC14EC34EBF7}.Debug|Any CPU.Build.0 = Debug|Any CPU
		{9F3F2516-0066-4B11-983F-DC14EC34EBF7}.Release|Any CPU.ActiveCfg = Release|Any CPU
		{9F3F2516-0066-4B11-983F-DC14EC34EBF7}.Release|Any CPU.Build.0 = Release|Any CPU
	EndGlobalSection
	GlobalSection(SolutionProperties) = preSolution
		HideSolutionNode = FALSE
	EndGlobalSection
	GlobalSection(ExtensibilityGlobals) = postSolution
		SolutionGuid = {52B6C4E6-2696-4BE5-9F28-06E45459D92A}
	EndGlobalSection
EndGlobal
